
Microsoft Visual Studio Solution File, Format Version 12.00
# Visual Studio Version 16
VisualStudioVersion = 16.0.30907.101
MinimumVisualStudioVersion = 10.0.40219.1
Project("{FAE04EC0-301F-11D3-BF4B-00C04F79EFBC}") = "Lambda Class", "Lambda Class\Lambda Class.csproj", "{D73D7ECB-7683-4BC2-99FC-4671449E7863}"
EndProject
Global
	GlobalSection(SolutionConfigurationPlatforms) = preSolution
		Debug|Any CPU = Debug|Any CPU
		Release|Any CPU = Release|Any CPU
	EndGlobalSection
	GlobalSection(ProjectConfigurationPlatforms) = postSolution
		{D73D7ECB-7683-4BC2-99FC-4671449E7863}.Debug|Any CPU.ActiveCfg = Debug|Any CPU
		{D73D7ECB-7683-4BC2-99FC-4671449E7863}.Debug|Any CPU.Build.0 = Debug|Any CPU
		{D73D7ECB-7683-4BC2-99FC-4671449E7863}.Release|Any CPU.ActiveCfg = Release|Any CPU
		{D73D7ECB-7683-4BC2-99FC-4671449E7863}.Release|Any CPU.Build.0 = Release|Any CPU
	EndGlobalSection
	GlobalSection(SolutionProperties) = preSolution
		HideSolutionNode = FALSE
	EndGlobalSection
	GlobalSection(ExtensibilityGlobals) = postSolution
		SolutionGuid = {4C828E85-9DB0-4C7A-B425-20162D8A16C1}
	EndGlobalSection
EndGlobal
