
Microsoft Visual Studio Solution File, Format Version 12.00
# Visual Studio Version 16
VisualStudioVersion = 16.0.30907.101
MinimumVisualStudioVersion = 10.0.40219.1
Project("{FAE04EC0-301F-11D3-BF4B-00C04F79EFBC}") = "Enum Weekdays", "Enum Weekdays\Enum Weekdays.csproj", "{FFC26092-56A3-4B36-B3BD-054A5E2B3D0D}"
EndProject
Global
	GlobalSection(SolutionConfigurationPlatforms) = preSolution
		Debug|Any CPU = Debug|Any CPU
		Release|Any CPU = Release|Any CPU
	EndGlobalSection
	GlobalSection(ProjectConfigurationPlatforms) = postSolution
		{FFC26092-56A3-4B36-B3BD-054A5E2B3D0D}.Debug|Any CPU.ActiveCfg = Debug|Any CPU
		{FFC26092-56A3-4B36-B3BD-054A5E2B3D0D}.Debug|Any CPU.Build.0 = Debug|Any CPU
		{FFC26092-56A3-4B36-B3BD-054A5E2B3D0D}.Release|Any CPU.ActiveCfg = Release|Any CPU
		{FFC26092-56A3-4B36-B3BD-054A5E2B3D0D}.Release|Any CPU.Build.0 = Release|Any CPU
	EndGlobalSection
	GlobalSection(SolutionProperties) = preSolution
		HideSolutionNode = FALSE
	EndGlobalSection
	GlobalSection(ExtensibilityGlobals) = postSolution
		SolutionGuid = {9983782D-FA36-4B73-B700-25403F4E4DEF}
	EndGlobalSection
EndGlobal
