
Microsoft Visual Studio Solution File, Format Version 12.00
# Visual Studio Version 16
VisualStudioVersion = 16.0.30907.101
MinimumVisualStudioVersion = 10.0.40219.1
Project("{FAE04EC0-301F-11D3-BF4B-00C04F79EFBC}") = "Math Void Method", "Math Void Method\Math Void Method.csproj", "{334A1F58-E95F-4A2C-80E0-E89FF71B576A}"
EndProject
Global
	GlobalSection(SolutionConfigurationPlatforms) = preSolution
		Debug|Any CPU = Debug|Any CPU
		Release|Any CPU = Release|Any CPU
	EndGlobalSection
	GlobalSection(ProjectConfigurationPlatforms) = postSolution
		{334A1F58-E95F-4A2C-80E0-E89FF71B576A}.Debug|Any CPU.ActiveCfg = Debug|Any CPU
		{334A1F58-E95F-4A2C-80E0-E89FF71B576A}.Debug|Any CPU.Build.0 = Debug|Any CPU
		{334A1F58-E95F-4A2C-80E0-E89FF71B576A}.Release|Any CPU.ActiveCfg = Release|Any CPU
		{334A1F58-E95F-4A2C-80E0-E89FF71B576A}.Release|Any CPU.Build.0 = Release|Any CPU
	EndGlobalSection
	GlobalSection(SolutionProperties) = preSolution
		HideSolutionNode = FALSE
	EndGlobalSection
	GlobalSection(ExtensibilityGlobals) = postSolution
		SolutionGuid = {29F29CDE-4C0A-465B-B554-7C34A7C76ADA}
	EndGlobalSection
EndGlobal
